{
  "name": "ensemble-stage-plot",
  "version": "1.0.0",
  "lockfileVersion": 3,
  "requires": true,
  "packages": {
    "": {
      "name": "ensemble-stage-plot",
      "version": "1.0.0",
      "license": "ISC",
      "dependencies": {
        "jcanvas": "^22.0.1",
        "jquery": "^3.7.1"
      },
      "devDependencies": {}
    },
    "node_modules/jcanvas": {
      "version": "22.0.1",
      "resolved": "https://registry.npmjs.org/jcanvas/-/jcanvas-22.0.1.tgz",
      "integrity": "sha512-rE9xVo6IJQntyhDzlRUcnPfcfe2G9VVSffiYMDichqi6fX37LbnYjaL9pwjdDHkaBY62sRO5dKALUQBu9cXPEQ==",
      "peerDependencies": {
        "jquery": ">=1.4.0"
      }
    },
    "node_modules/jquery": {
      "version": "3.7.1",
      "resolved": "https://registry.npmjs.org/jquery/-/jquery-3.7.1.tgz",
      "integrity": "sha512-m4avr8yL8kmFN8psrbFFFmB/If14iN5o9nw/NgnnM+kybDJpRsAynV2BsfpTYrTRysYUdADVD7CkUUizgkpLfg=="
    }
  }
}
